# This file is automatically @generated by Cargo.
# It is not intended for manual editing.
version = 3

[[package]]
name = "advapi32-sys"
version = "0.1.2"
source = "registry+https://github.com/rust-lang/crates.io-index"
checksum = "307c92332867e586720c0222ee9d890bbe8431711efed8a1b06bc5b40fc66bd7"
dependencies = [
 "winapi",
 "winapi-build",
]

[[package]]
name = "itertools"
version = "0.4.3"
source = "registry+https://github.com/rust-lang/crates.io-index"
checksum = "20707e41669ae77e21bebd5c5ac30b15fd666a5c5039b0ac3e4a44c27c041af3"

[[package]]
name = "libc"
version = "0.2.1"
source = "registry+https://github.com/rust-lang/crates.io-index"
checksum = "ff7bf059aff5b88320556e113a4b2edbb3ce4a82ed6474d0f2574e8934cb8974"

[[package]]
name = "num"
version = "0.1.27"
source = "registry+https://github.com/rust-lang/crates.io-index"
checksum = "4251ea00b7fa74610f0685b55495fcc86e4971b1951cb732b91d817f71bcae7c"
dependencies = [
 "rand",
 "rustc-serialize",
]

[[package]]
name = "ppmiors"
version = "0.1.4"
source = "git+https://github.com/daiver/ppmiors#d2470acc26310ed59c10d28cbe922e184877aadd"
dependencies = [
 "rustonum",
]

[[package]]
name = "rand"
version = "0.3.12"
source = "registry+https://github.com/rust-lang/crates.io-index"
checksum = "5eee40bdf3d293e1648490ab47e5471d9ab3e455e6b0bd48e558c454be4a015e"
dependencies = [
 "advapi32-sys",
 "libc",
 "winapi",
]

[[package]]
name = "render"
version = "0.6.0"
dependencies = [
 "itertools",
 "ppmiors",
 "rustonum",
 "time",
]

[[package]]
name = "rustc-serialize"
version = "0.3.16"
source = "registry+https://github.com/rust-lang/crates.io-index"
checksum = "1a48546a64cae47d06885e9bccadb99d0547d877a94c5167fa451ea33a484456"

[[package]]
name = "rustonum"
version = "0.2.5"
source = "git+https://github.com/daiver/rustonum#b1e3291863c3436c445fc97c42c1455234e80a66"
dependencies = [
 "num",
]

[[package]]
name = "time"
version = "0.2.0"
source = "registry+https://github.com/rust-lang/crates.io-index"
checksum = "fcc26de0a81a07c8352b548977862908fa9863e0e6e4f0eb36b2a9f4f8845585"

[[package]]
name = "winapi"
version = "0.2.5"
source = "registry+https://github.com/rust-lang/crates.io-index"
checksum = "dc3583688b861fcd83c2823d37cf2cd2446c233dd7ba3f97884d1a7302817537"

[[package]]
name = "winapi-build"
version = "0.1.1"
source = "registry+https://github.com/rust-lang/crates.io-index"
checksum = "2d315eee3b34aca4797b2da6b13ed88266e6d612562a0c46390af8299fc699bc"
